
Microsoft Visual Studio Solution File, Format Version 12.00
# Visual Studio Version 17
VisualStudioVersion = 17.5.002.0
MinimumVisualStudioVersion = 10.0.40219.1
Project("{9A19103F-16F7-4668-BE54-9A1E7A4F7556}") = "Exercise 4.1", "Exercise 4.1.csproj", "{1A0B9BC1-DC73-4575-B943-DB222A8B610A}"
EndProject
Global
	GlobalSection(SolutionConfigurationPlatforms) = preSolution
		Debug|Any CPU = Debug|Any CPU
		Release|Any CPU = Release|Any CPU
	EndGlobalSection
	GlobalSection(ProjectConfigurationPlatforms) = postSolution
		{1A0B9BC1-DC73-4575-B943-DB222A8B610A}.Debug|Any CPU.ActiveCfg = Debug|Any CPU
		{1A0B9BC1-DC73-4575-B943-DB222A8B610A}.Debug|Any CPU.Build.0 = Debug|Any CPU
		{1A0B9BC1-DC73-4575-B943-DB222A8B610A}.Release|Any CPU.ActiveCfg = Release|Any CPU
		{1A0B9BC1-DC73-4575-B943-DB222A8B610A}.Release|Any CPU.Build.0 = Release|Any CPU
	EndGlobalSection
	GlobalSection(SolutionProperties) = preSolution
		HideSolutionNode = FALSE
	EndGlobalSection
	GlobalSection(ExtensibilityGlobals) = postSolution
		SolutionGuid = {ECE249B1-D050-4E06-B405-2C972A4DFDBD}
	EndGlobalSection
EndGlobal
